
Microsoft Visual Studio Solution File, Format Version 12.00
# Visual Studio Version 17
VisualStudioVersion = 17.10.35013.160
MinimumVisualStudioVersion = 10.0.40219.1
Project("{9A19103F-16F7-4668-BE54-9A1E7A4F7556}") = "MusicStoreApi", "MusicStoreApi\MusicStoreApi.csproj", "{A14F8A54-70A4-476C-9765-C46A32B4F63E}"
EndProject
Project("{FAE04EC0-301F-11D3-BF4B-00C04F79EFBC}") = "MusicStore.AppHost", "MusicStore.AppHost\MusicStore.AppHost.csproj", "{59CA6C23-B5D6-4559-8142-25024998DB79}"
EndProject
Project("{9A19103F-16F7-4668-BE54-9A1E7A4F7556}") = "MusicStore.ServiceDefaults", "MusicStore.ServiceDefaults\MusicStore.ServiceDefaults.csproj", "{B4218A1E-F32E-4A90-A7AA-7536F9C0D0EF}"
EndProject
Global
	GlobalSection(SolutionConfigurationPlatforms) = preSolution
		Debug|Any CPU = Debug|Any CPU
		Release|Any CPU = Release|Any CPU
	EndGlobalSection
	GlobalSection(ProjectConfigurationPlatforms) = postSolution
		{A14F8A54-70A4-476C-9765-C46A32B4F63E}.Debug|Any CPU.ActiveCfg = Debug|Any CPU
		{A14F8A54-70A4-476C-9765-C46A32B4F63E}.Debug|Any CPU.Build.0 = Debug|Any CPU
		{A14F8A54-70A4-476C-9765-C46A32B4F63E}.Release|Any CPU.ActiveCfg = Release|Any CPU
		{A14F8A54-70A4-476C-9765-C46A32B4F63E}.Release|Any CPU.Build.0 = Release|Any CPU
		{59CA6C23-B5D6-4559-8142-25024998DB79}.Debug|Any CPU.ActiveCfg = Debug|Any CPU
		{59CA6C23-B5D6-4559-8142-25024998DB79}.Debug|Any CPU.Build.0 = Debug|Any CPU
		{59CA6C23-B5D6-4559-8142-25024998DB79}.Release|Any CPU.ActiveCfg = Release|Any CPU
		{59CA6C23-B5D6-4559-8142-25024998DB79}.Release|Any CPU.Build.0 = Release|Any CPU
		{B4218A1E-F32E-4A90-A7AA-7536F9C0D0EF}.Debug|Any CPU.ActiveCfg = Debug|Any CPU
		{B4218A1E-F32E-4A90-A7AA-7536F9C0D0EF}.Debug|Any CPU.Build.0 = Debug|Any CPU
		{B4218A1E-F32E-4A90-A7AA-7536F9C0D0EF}.Release|Any CPU.ActiveCfg = Release|Any CPU
		{B4218A1E-F32E-4A90-A7AA-7536F9C0D0EF}.Release|Any CPU.Build.0 = Release|Any CPU
	EndGlobalSection
	GlobalSection(SolutionProperties) = preSolution
		HideSolutionNode = FALSE
	EndGlobalSection
	GlobalSection(ExtensibilityGlobals) = postSolution
		SolutionGuid = {C96615E3-950A-47EE-9944-FEDC1079095F}
	EndGlobalSection
EndGlobal
